PODS:
  - dnaWebRadioController (1.0.0)

DEPENDENCIES:
  - dnaWebRadioController (from `../`)

EXTERNAL SOURCES:
  dnaWebRadioController:
    :path: "../"

SPEC CHECKSUMS:
  dnaWebRadioController: c628259aa7d89e762b9d6e133924a8ad34d0d812

PODFILE CHECKSUM: c6c193300fff9825c17bd9332dcac28e85b86f6e

COCOAPODS: 1.5.3
