PODS:
  - dnaWebRadioController (1.1.0)

DEPENDENCIES:
  - dnaWebRadioController (from `../`)

EXTERNAL SOURCES:
  dnaWebRadioController:
    :path: "../"

SPEC CHECKSUMS:
  dnaWebRadioController: 76b22e26e60e6992ef863e1acafecd02e1a6eaa0

PODFILE CHECKSUM: c6c193300fff9825c17bd9332dcac28e85b86f6e

COCOAPODS: 1.8.4
